
Microsoft Visual Studio Solution File, Format Version 12.00
# Visual Studio Version 17
VisualStudioVersion = 17.0.31903.59
MinimumVisualStudioVersion = 10.0.40219.1
Project("{2150E333-8FDC-42A3-9474-1A3956D46DE8}") = "src", "src", "{827E0CD3-B72D-47B6-A68D-7590B98EB39B}"
EndProject
Project("{FAE04EC0-301F-11D3-BF4B-00C04F79EFBC}") = "IndustrialIoT.Domain", "src\IndustrialIoT.Domain\IndustrialIoT.Domain.csproj", "{ECDA302F-7C51-40BE-9DEE-B8C14821C73E}"
EndProject
Project("{FAE04EC0-301F-11D3-BF4B-00C04F79EFBC}") = "IndustrialIoT.Application", "src\IndustrialIoT.Application\IndustrialIoT.Application.csproj", "{A9F06446-E8DD-42E0-A37F-7960EA3E14F7}"
EndProject
Project("{FAE04EC0-301F-11D3-BF4B-00C04F79EFBC}") = "IndustrialIoT.Protocols", "src\IndustrialIoT.Protocols\IndustrialIoT.Protocols.csproj", "{FA692526-0CDC-4D0B-93CA-5DEFAB9D9F15}"
EndProject
Project("{FAE04EC0-301F-11D3-BF4B-00C04F79EFBC}") = "IndustrialIoT.Protocols.Modbus", "src\IndustrialIoT.Protocols.Modbus\IndustrialIoT.Protocols.Modbus.csproj", "{6CDB556A-DB2E-4E73-B067-7F8FF1CFB9B0}"
EndProject
Project("{FAE04EC0-301F-11D3-BF4B-00C04F79EFBC}") = "IndustrialIoT.Protocols.FINS", "src\IndustrialIoT.Protocols.FINS\IndustrialIoT.Protocols.FINS.csproj", "{DA852484-B6E4-4167-9DEF-CDFA5C85B634}"
EndProject
Project("{FAE04EC0-301F-11D3-BF4B-00C04F79EFBC}") = "IndustrialIoT.Protocols.Mewtocol", "src\IndustrialIoT.Protocols.Mewtocol\IndustrialIoT.Protocols.Mewtocol.csproj", "{D9982A92-7375-4C91-8F34-68D42403EDB2}"
EndProject
Project("{FAE04EC0-301F-11D3-BF4B-00C04F79EFBC}") = "IndustrialIoT.Protocols.NCLink", "src\IndustrialIoT.Protocols.NCLink\IndustrialIoT.Protocols.NCLink.csproj", "{534063A8-2369-4591-87E5-4387E8E7E4AB}"
EndProject
Project("{FAE04EC0-301F-11D3-BF4B-00C04F79EFBC}") = "IndustrialIoT.Protocols.FANUC", "src\IndustrialIoT.Protocols.FANUC\IndustrialIoT.Protocols.FANUC.csproj", "{220AE80D-66B3-426C-8A47-1F86F943E0CF}"
EndProject
Project("{FAE04EC0-301F-11D3-BF4B-00C04F79EFBC}") = "IndustrialIoT.Protocols.FileTransfer", "src\IndustrialIoT.Protocols.FileTransfer\IndustrialIoT.Protocols.FileTransfer.csproj", "{364DEDF9-B138-43B1-9720-2DFA4E2A371E}"
EndProject
Project("{FAE04EC0-301F-11D3-BF4B-00C04F79EFBC}") = "IndustrialIoT.Simulator", "src\IndustrialIoT.Simulator\IndustrialIoT.Simulator.csproj", "{498DD074-A87C-4054-A4B5-ACF929D89132}"
EndProject
Project("{FAE04EC0-301F-11D3-BF4B-00C04F79EFBC}") = "IndustrialIoT.Infrastructure", "src\IndustrialIoT.Infrastructure\IndustrialIoT.Infrastructure.csproj", "{20D8BC85-81B9-403C-9678-8D612128565A}"
EndProject
Project("{FAE04EC0-301F-11D3-BF4B-00C04F79EFBC}") = "IndustrialIoT.Host", "src\IndustrialIoT.Host\IndustrialIoT.Host.csproj", "{E176520F-9F5B-4EDC-A348-0660423994C3}"
EndProject
Global
	GlobalSection(SolutionConfigurationPlatforms) = preSolution
		Debug|Any CPU = Debug|Any CPU
		Debug|x64 = Debug|x64
		Debug|x86 = Debug|x86
		Release|Any CPU = Release|Any CPU
		Release|x64 = Release|x64
		Release|x86 = Release|x86
	EndGlobalSection
	GlobalSection(ProjectConfigurationPlatforms) = postSolution
		{ECDA302F-7C51-40BE-9DEE-B8C14821C73E}.Debug|Any CPU.ActiveCfg = Debug|Any CPU
		{ECDA302F-7C51-40BE-9DEE-B8C14821C73E}.Debug|Any CPU.Build.0 = Debug|Any CPU
		{ECDA302F-7C51-40BE-9DEE-B8C14821C73E}.Debug|x64.ActiveCfg = Debug|Any CPU
		{ECDA302F-7C51-40BE-9DEE-B8C14821C73E}.Debug|x64.Build.0 = Debug|Any CPU
		{ECDA302F-7C51-40BE-9DEE-B8C14821C73E}.Debug|x86.ActiveCfg = Debug|Any CPU
		{ECDA302F-7C51-40BE-9DEE-B8C14821C73E}.Debug|x86.Build.0 = Debug|Any CPU
		{ECDA302F-7C51-40BE-9DEE-B8C14821C73E}.Release|Any CPU.ActiveCfg = Release|Any CPU
		{ECDA302F-7C51-40BE-9DEE-B8C14821C73E}.Release|Any CPU.Build.0 = Release|Any CPU
		{ECDA302F-7C51-40BE-9DEE-B8C14821C73E}.Release|x64.ActiveCfg = Release|Any CPU
		{ECDA302F-7C51-40BE-9DEE-B8C14821C73E}.Release|x64.Build.0 = Release|Any CPU
		{ECDA302F-7C51-40BE-9DEE-B8C14821C73E}.Release|x86.ActiveCfg = Release|Any CPU
		{ECDA302F-7C51-40BE-9DEE-B8C14821C73E}.Release|x86.Build.0 = Release|Any CPU
		{A9F06446-E8DD-42E0-A37F-7960EA3E14F7}.Debug|Any CPU.ActiveCfg = Debug|Any CPU
		{A9F06446-E8DD-42E0-A37F-7960EA3E14F7}.Debug|Any CPU.Build.0 = Debug|Any CPU
		{A9F06446-E8DD-42E0-A37F-7960EA3E14F7}.Debug|x64.ActiveCfg = Debug|Any CPU
		{A9F06446-E8DD-42E0-A37F-7960EA3E14F7}.Debug|x64.Build.0 = Debug|Any CPU
		{A9F06446-E8DD-42E0-A37F-7960EA3E14F7}.Debug|x86.ActiveCfg = Debug|Any CPU
		{A9F06446-E8DD-42E0-A37F-7960EA3E14F7}.Debug|x86.Build.0 = Debug|Any CPU
		{A9F06446-E8DD-42E0-A37F-7960EA3E14F7}.Release|Any CPU.ActiveCfg = Release|Any CPU
		{A9F06446-E8DD-42E0-A37F-7960EA3E14F7}.Release|Any CPU.Build.0 = Release|Any CPU
		{A9F06446-E8DD-42E0-A37F-7960EA3E14F7}.Release|x64.ActiveCfg = Release|Any CPU
		{A9F06446-E8DD-42E0-A37F-7960EA3E14F7}.Release|x64.Build.0 = Release|Any CPU
		{A9F06446-E8DD-42E0-A37F-7960EA3E14F7}.Release|x86.ActiveCfg = Release|Any CPU
		{A9F06446-E8DD-42E0-A37F-7960EA3E14F7}.Release|x86.Build.0 = Release|Any CPU
		{FA692526-0CDC-4D0B-93CA-5DEFAB9D9F15}.Debug|Any CPU.ActiveCfg = Debug|Any CPU
		{FA692526-0CDC-4D0B-93CA-5DEFAB9D9F15}.Debug|Any CPU.Build.0 = Debug|Any CPU
		{FA692526-0CDC-4D0B-93CA-5DEFAB9D9F15}.Debug|x64.ActiveCfg = Debug|Any CPU
		{FA692526-0CDC-4D0B-93CA-5DEFAB9D9F15}.Debug|x64.Build.0 = Debug|Any CPU
		{FA692526-0CDC-4D0B-93CA-5DEFAB9D9F15}.Debug|x86.ActiveCfg = Debug|Any CPU
		{FA692526-0CDC-4D0B-93CA-5DEFAB9D9F15}.Debug|x86.Build.0 = Debug|Any CPU
		{FA692526-0CDC-4D0B-93CA-5DEFAB9D9F15}.Release|Any CPU.ActiveCfg = Release|Any CPU
		{FA692526-0CDC-4D0B-93CA-5DEFAB9D9F15}.Release|Any CPU.Build.0 = Release|Any CPU
		{FA692526-0CDC-4D0B-93CA-5DEFAB9D9F15}.Release|x64.ActiveCfg = Release|Any CPU
		{FA692526-0CDC-4D0B-93CA-5DEFAB9D9F15}.Release|x64.Build.0 = Release|Any CPU
		{FA692526-0CDC-4D0B-93CA-5DEFAB9D9F15}.Release|x86.ActiveCfg = Release|Any CPU
		{FA692526-0CDC-4D0B-93CA-5DEFAB9D9F15}.Release|x86.Build.0 = Release|Any CPU
		{6CDB556A-DB2E-4E73-B067-7F8FF1CFB9B0}.Debug|Any CPU.ActiveCfg = Debug|Any CPU
		{6CDB556A-DB2E-4E73-B067-7F8FF1CFB9B0}.Debug|Any CPU.Build.0 = Debug|Any CPU
		{6CDB556A-DB2E-4E73-B067-7F8FF1CFB9B0}.Debug|x64.ActiveCfg = Debug|Any CPU
		{6CDB556A-DB2E-4E73-B067-7F8FF1CFB9B0}.Debug|x64.Build.0 = Debug|Any CPU
		{6CDB556A-DB2E-4E73-B067-7F8FF1CFB9B0}.Debug|x86.ActiveCfg = Debug|Any CPU
		{6CDB556A-DB2E-4E73-B067-7F8FF1CFB9B0}.Debug|x86.Build.0 = Debug|Any CPU
		{6CDB556A-DB2E-4E73-B067-7F8FF1CFB9B0}.Release|Any CPU.ActiveCfg = Release|Any CPU
		{6CDB556A-DB2E-4E73-B067-7F8FF1CFB9B0}.Release|Any CPU.Build.0 = Release|Any CPU
		{6CDB556A-DB2E-4E73-B067-7F8FF1CFB9B0}.Release|x64.ActiveCfg = Release|Any CPU
		{6CDB556A-DB2E-4E73-B067-7F8FF1CFB9B0}.Release|x64.Build.0 = Release|Any CPU
		{6CDB556A-DB2E-4E73-B067-7F8FF1CFB9B0}.Release|x86.ActiveCfg = Release|Any CPU
		{6CDB556A-DB2E-4E73-B067-7F8FF1CFB9B0}.Release|x86.Build.0 = Release|Any CPU
		{DA852484-B6E4-4167-9DEF-CDFA5C85B634}.Debug|Any CPU.ActiveCfg = Debug|Any CPU
		{DA852484-B6E4-4167-9DEF-CDFA5C85B634}.Debug|Any CPU.Build.0 = Debug|Any CPU
		{DA852484-B6E4-4167-9DEF-CDFA5C85B634}.Debug|x64.ActiveCfg = Debug|Any CPU
		{DA852484-B6E4-4167-9DEF-CDFA5C85B634}.Debug|x64.Build.0 = Debug|Any CPU
		{DA852484-B6E4-4167-9DEF-CDFA5C85B634}.Debug|x86.ActiveCfg = Debug|Any CPU
		{DA852484-B6E4-4167-9DEF-CDFA5C85B634}.Debug|x86.Build.0 = Debug|Any CPU
		{DA852484-B6E4-4167-9DEF-CDFA5C85B634}.Release|Any CPU.ActiveCfg = Release|Any CPU
		{DA852484-B6E4-4167-9DEF-CDFA5C85B634}.Release|Any CPU.Build.0 = Release|Any CPU
		{DA852484-B6E4-4167-9DEF-CDFA5C85B634}.Release|x64.ActiveCfg = Release|Any CPU
		{DA852484-B6E4-4167-9DEF-CDFA5C85B634}.Release|x64.Build.0 = Release|Any CPU
		{DA852484-B6E4-4167-9DEF-CDFA5C85B634}.Release|x86.ActiveCfg = Release|Any CPU
		{DA852484-B6E4-4167-9DEF-CDFA5C85B634}.Release|x86.Build.0 = Release|Any CPU
		{D9982A92-7375-4C91-8F34-68D42403EDB2}.Debug|Any CPU.ActiveCfg = Debug|Any CPU
		{D9982A92-7375-4C91-8F34-68D42403EDB2}.Debug|Any CPU.Build.0 = Debug|Any CPU
		{D9982A92-7375-4C91-8F34-68D42403EDB2}.Debug|x64.ActiveCfg = Debug|Any CPU
		{D9982A92-7375-4C91-8F34-68D42403EDB2}.Debug|x64.Build.0 = Debug|Any CPU
		{D9982A92-7375-4C91-8F34-68D42403EDB2}.Debug|x86.ActiveCfg = Debug|Any CPU
		{D9982A92-7375-4C91-8F34-68D42403EDB2}.Debug|x86.Build.0 = Debug|Any CPU
		{D9982A92-7375-4C91-8F34-68D42403EDB2}.Release|Any CPU.ActiveCfg = Release|Any CPU
		{D9982A92-7375-4C91-8F34-68D42403EDB2}.Release|Any CPU.Build.0 = Release|Any CPU
		{D9982A92-7375-4C91-8F34-68D42403EDB2}.Release|x64.ActiveCfg = Release|Any CPU
		{D9982A92-7375-4C91-8F34-68D42403EDB2}.Release|x64.Build.0 = Release|Any CPU
		{D9982A92-7375-4C91-8F34-68D42403EDB2}.Release|x86.ActiveCfg = Release|Any CPU
		{D9982A92-7375-4C91-8F34-68D42403EDB2}.Release|x86.Build.0 = Release|Any CPU
		{534063A8-2369-4591-87E5-4387E8E7E4AB}.Debug|Any CPU.ActiveCfg = Debug|Any CPU
		{534063A8-2369-4591-87E5-4387E8E7E4AB}.Debug|Any CPU.Build.0 = Debug|Any CPU
		{534063A8-2369-4591-87E5-4387E8E7E4AB}.Debug|x64.ActiveCfg = Debug|Any CPU
		{534063A8-2369-4591-87E5-4387E8E7E4AB}.Debug|x64.Build.0 = Debug|Any CPU
		{534063A8-2369-4591-87E5-4387E8E7E4AB}.Debug|x86.ActiveCfg = Debug|Any CPU
		{534063A8-2369-4591-87E5-4387E8E7E4AB}.Debug|x86.Build.0 = Debug|Any CPU
		{534063A8-2369-4591-87E5-4387E8E7E4AB}.Release|Any CPU.ActiveCfg = Release|Any CPU
		{534063A8-2369-4591-87E5-4387E8E7E4AB}.Release|Any CPU.Build.0 = Release|Any CPU
		{534063A8-2369-4591-87E5-4387E8E7E4AB}.Release|x64.ActiveCfg = Release|Any CPU
		{534063A8-2369-4591-87E5-4387E8E7E4AB}.Release|x64.Build.0 = Release|Any CPU
		{534063A8-2369-4591-87E5-4387E8E7E4AB}.Release|x86.ActiveCfg = Release|Any CPU
		{534063A8-2369-4591-87E5-4387E8E7E4AB}.Release|x86.Build.0 = Release|Any CPU
		{220AE80D-66B3-426C-8A47-1F86F943E0CF}.Debug|Any CPU.ActiveCfg = Debug|Any CPU
		{220AE80D-66B3-426C-8A47-1F86F943E0CF}.Debug|Any CPU.Build.0 = Debug|Any CPU
		{220AE80D-66B3-426C-8A47-1F86F943E0CF}.Debug|x64.ActiveCfg = Debug|Any CPU
		{220AE80D-66B3-426C-8A47-1F86F943E0CF}.Debug|x64.Build.0 = Debug|Any CPU
		{220AE80D-66B3-426C-8A47-1F86F943E0CF}.Debug|x86.ActiveCfg = Debug|Any CPU
		{220AE80D-66B3-426C-8A47-1F86F943E0CF}.Debug|x86.Build.0 = Debug|Any CPU
		{220AE80D-66B3-426C-8A47-1F86F943E0CF}.Release|Any CPU.ActiveCfg = Release|Any CPU
		{220AE80D-66B3-426C-8A47-1F86F943E0CF}.Release|Any CPU.Build.0 = Release|Any CPU
		{220AE80D-66B3-426C-8A47-1F86F943E0CF}.Release|x64.ActiveCfg = Release|Any CPU
		{220AE80D-66B3-426C-8A47-1F86F943E0CF}.Release|x64.Build.0 = Release|Any CPU
		{220AE80D-66B3-426C-8A47-1F86F943E0CF}.Release|x86.ActiveCfg = Release|Any CPU
		{220AE80D-66B3-426C-8A47-1F86F943E0CF}.Release|x86.Build.0 = Release|Any CPU
		{364DEDF9-B138-43B1-9720-2DFA4E2A371E}.Debug|Any CPU.ActiveCfg = Debug|Any CPU
		{364DEDF9-B138-43B1-9720-2DFA4E2A371E}.Debug|Any CPU.Build.0 = Debug|Any CPU
		{364DEDF9-B138-43B1-9720-2DFA4E2A371E}.Debug|x64.ActiveCfg = Debug|Any CPU
		{364DEDF9-B138-43B1-9720-2DFA4E2A371E}.Debug|x64.Build.0 = Debug|Any CPU
		{364DEDF9-B138-43B1-9720-2DFA4E2A371E}.Debug|x86.ActiveCfg = Debug|Any CPU
		{364DEDF9-B138-43B1-9720-2DFA4E2A371E}.Debug|x86.Build.0 = Debug|Any CPU
		{364DEDF9-B138-43B1-9720-2DFA4E2A371E}.Release|Any CPU.ActiveCfg = Release|Any CPU
		{364DEDF9-B138-43B1-9720-2DFA4E2A371E}.Release|Any CPU.Build.0 = Release|Any CPU
		{364DEDF9-B138-43B1-9720-2DFA4E2A371E}.Release|x64.ActiveCfg = Release|Any CPU
		{364DEDF9-B138-43B1-9720-2DFA4E2A371E}.Release|x64.Build.0 = Release|Any CPU
		{364DEDF9-B138-43B1-9720-2DFA4E2A371E}.Release|x86.ActiveCfg = Release|Any CPU
		{364DEDF9-B138-43B1-9720-2DFA4E2A371E}.Release|x86.Build.0 = Release|Any CPU
		{498DD074-A87C-4054-A4B5-ACF929D89132}.Debug|Any CPU.ActiveCfg = Debug|Any CPU
		{498DD074-A87C-4054-A4B5-ACF929D89132}.Debug|Any CPU.Build.0 = Debug|Any CPU
		{498DD074-A87C-4054-A4B5-ACF929D89132}.Debug|x64.ActiveCfg = Debug|Any CPU
		{498DD074-A87C-4054-A4B5-ACF929D89132}.Debug|x64.Build.0 = Debug|Any CPU
		{498DD074-A87C-4054-A4B5-ACF929D89132}.Debug|x86.ActiveCfg = Debug|Any CPU
		{498DD074-A87C-4054-A4B5-ACF929D89132}.Debug|x86.Build.0 = Debug|Any CPU
		{498DD074-A87C-4054-A4B5-ACF929D89132}.Release|Any CPU.ActiveCfg = Release|Any CPU
		{498DD074-A87C-4054-A4B5-ACF929D89132}.Release|Any CPU.Build.0 = Release|Any CPU
		{498DD074-A87C-4054-A4B5-ACF929D89132}.Release|x64.ActiveCfg = Release|Any CPU
		{498DD074-A87C-4054-A4B5-ACF929D89132}.Release|x64.Build.0 = Release|Any CPU
		{498DD074-A87C-4054-A4B5-ACF929D89132}.Release|x86.ActiveCfg = Release|Any CPU
		{498DD074-A87C-4054-A4B5-ACF929D89132}.Release|x86.Build.0 = Release|Any CPU
		{20D8BC85-81B9-403C-9678-8D612128565A}.Debug|Any CPU.ActiveCfg = Debug|Any CPU
		{20D8BC85-81B9-403C-9678-8D612128565A}.Debug|Any CPU.Build.0 = Debug|Any CPU
		{20D8BC85-81B9-403C-9678-8D612128565A}.Debug|x64.ActiveCfg = Debug|Any CPU
		{20D8BC85-81B9-403C-9678-8D612128565A}.Debug|x64.Build.0 = Debug|Any CPU
		{20D8BC85-81B9-403C-9678-8D612128565A}.Debug|x86.ActiveCfg = Debug|Any CPU
		{20D8BC85-81B9-403C-9678-8D612128565A}.Debug|x86.Build.0 = Debug|Any CPU
		{20D8BC85-81B9-403C-9678-8D612128565A}.Release|Any CPU.ActiveCfg = Release|Any CPU
		{20D8BC85-81B9-403C-9678-8D612128565A}.Release|Any CPU.Build.0 = Release|Any CPU
		{20D8BC85-81B9-403C-9678-8D612128565A}.Release|x64.ActiveCfg = Release|Any CPU
		{20D8BC85-81B9-403C-9678-8D612128565A}.Release|x64.Build.0 = Release|Any CPU
		{20D8BC85-81B9-403C-9678-8D612128565A}.Release|x86.ActiveCfg = Release|Any CPU
		{20D8BC85-81B9-403C-9678-8D612128565A}.Release|x86.Build.0 = Release|Any CPU
		{E176520F-9F5B-4EDC-A348-0660423994C3}.Debug|Any CPU.ActiveCfg = Debug|Any CPU
		{E176520F-9F5B-4EDC-A348-0660423994C3}.Debug|Any CPU.Build.0 = Debug|Any CPU
		{E176520F-9F5B-4EDC-A348-0660423994C3}.Debug|x64.ActiveCfg = Debug|Any CPU
		{E176520F-9F5B-4EDC-A348-0660423994C3}.Debug|x64.Build.0 = Debug|Any CPU
		{E176520F-9F5B-4EDC-A348-0660423994C3}.Debug|x86.ActiveCfg = Debug|Any CPU
		{E176520F-9F5B-4EDC-A348-0660423994C3}.Debug|x86.Build.0 = Debug|Any CPU
		{E176520F-9F5B-4EDC-A348-0660423994C3}.Release|Any CPU.ActiveCfg = Release|Any CPU
		{E176520F-9F5B-4EDC-A348-0660423994C3}.Release|Any CPU.Build.0 = Release|Any CPU
		{E176520F-9F5B-4EDC-A348-0660423994C3}.Release|x64.ActiveCfg = Release|Any CPU
		{E176520F-9F5B-4EDC-A348-0660423994C3}.Release|x64.Build.0 = Release|Any CPU
		{E176520F-9F5B-4EDC-A348-0660423994C3}.Release|x86.ActiveCfg = Release|Any CPU
		{E176520F-9F5B-4EDC-A348-0660423994C3}.Release|x86.Build.0 = Release|Any CPU
	EndGlobalSection
	GlobalSection(SolutionProperties) = preSolution
		HideSolutionNode = FALSE
	EndGlobalSection
	GlobalSection(NestedProjects) = preSolution
		{ECDA302F-7C51-40BE-9DEE-B8C14821C73E} = {827E0CD3-B72D-47B6-A68D-7590B98EB39B}
		{A9F06446-E8DD-42E0-A37F-7960EA3E14F7} = {827E0CD3-B72D-47B6-A68D-7590B98EB39B}
		{FA692526-0CDC-4D0B-93CA-5DEFAB9D9F15} = {827E0CD3-B72D-47B6-A68D-7590B98EB39B}
		{6CDB556A-DB2E-4E73-B067-7F8FF1CFB9B0} = {827E0CD3-B72D-47B6-A68D-7590B98EB39B}
		{DA852484-B6E4-4167-9DEF-CDFA5C85B634} = {827E0CD3-B72D-47B6-A68D-7590B98EB39B}
		{D9982A92-7375-4C91-8F34-68D42403EDB2} = {827E0CD3-B72D-47B6-A68D-7590B98EB39B}
		{534063A8-2369-4591-87E5-4387E8E7E4AB} = {827E0CD3-B72D-47B6-A68D-7590B98EB39B}
		{220AE80D-66B3-426C-8A47-1F86F943E0CF} = {827E0CD3-B72D-47B6-A68D-7590B98EB39B}
		{364DEDF9-B138-43B1-9720-2DFA4E2A371E} = {827E0CD3-B72D-47B6-A68D-7590B98EB39B}
		{498DD074-A87C-4054-A4B5-ACF929D89132} = {827E0CD3-B72D-47B6-A68D-7590B98EB39B}
		{20D8BC85-81B9-403C-9678-8D612128565A} = {827E0CD3-B72D-47B6-A68D-7590B98EB39B}
		{E176520F-9F5B-4EDC-A348-0660423994C3} = {827E0CD3-B72D-47B6-A68D-7590B98EB39B}
	EndGlobalSection
EndGlobal
