Microsoft Visual Studio Solution File, Format Version 12.00
# Visual Studio Version 17
VisualStudioVersion = 17.14.36518.9 d17.14
MinimumVisualStudioVersion = 10.0.40219.1
Project("{FAE04EC0-301F-11D3-BF4B-00C04F79EFBC}") = "MachineConnectionApi", "MachineConnectionApi\MachineConnectionApi.csproj", "{F8416A3A-DB2A-4076-A1CC-E36F95F2A623}"
EndProject
Project("{FAE04EC0-301F-11D3-BF4B-00C04F79EFBC}") = "MachineConnectionApi.Tests", "MachineConnectionApi.Tests\MachineConnectionApi.Tests.csproj", "{296DEDCC-5F29-4378-9AB9-9B9761565B06}"
EndProject
Global
	GlobalSection(SolutionConfigurationPlatforms) = preSolution
		Debug|Any CPU = Debug|Any CPU
		Release|Any CPU = Release|Any CPU
	EndGlobalSection
	GlobalSection(ProjectConfigurationPlatforms) = postSolution
		{F8416A3A-DB2A-4076-A1CC-E36F95F2A623}.Debug|Any CPU.ActiveCfg = Debug|Any CPU
		{F8416A3A-DB2A-4076-A1CC-E36F95F2A623}.Debug|Any CPU.Build.0 = Debug|Any CPU
		{F8416A3A-DB2A-4076-A1CC-E36F95F2A623}.Release|Any CPU.ActiveCfg = Release|Any CPU
		{F8416A3A-DB2A-4076-A1CC-E36F95F2A623}.Release|Any CPU.Build.0 = Release|Any CPU
		{296DEDCC-5F29-4378-9AB9-9B9761565B06}.Debug|Any CPU.ActiveCfg = Debug|Any CPU
		{296DEDCC-5F29-4378-9AB9-9B9761565B06}.Debug|Any CPU.Build.0 = Debug|Any CPU
		{296DEDCC-5F29-4378-9AB9-9B9761565B06}.Release|Any CPU.ActiveCfg = Release|Any CPU
		{296DEDCC-5F29-4378-9AB9-9B9761565B06}.Release|Any CPU.Build.0 = Release|Any CPU
	EndGlobalSection
	GlobalSection(SolutionProperties) = preSolution
		HideSolutionNode = FALSE
	EndGlobalSection
	GlobalSection(ExtensibilityGlobals) = postSolution
		SolutionGuid = {67E0ACE2-ACE5-4FF5-92ED-342A90D92256}
	EndGlobalSection
EndGlobal